// !$*UTF8*$!
{
	archiveVersion = 1;
	classes = {
	};
	objectVersion = 46;
	objects = {

/* Begin PBXBuildFile section */
		076A74F41C2F2C62000F36C8 /* main.m in Sources */ = {isa = PBXBuildFile; fileRef = 076A74F31C2F2C62000F36C8 /* main.m */; };
		076A74F71C2F2C62000F36C8 /* AppDelegate.m in Sources */ = {isa = PBXBuildFile; fileRef = 076A74F61C2F2C62000F36C8 /* AppDelegate.m */; };
		076A74FA1C2F2C62000F36C8 /* ViewController.m in Sources */ = {isa = PBXBuildFile; fileRef = 076A74F91C2F2C62000F36C8 /* ViewController.m */; };
		076A74FF1C2F2C62000F36C8 /* Assets.xcassets in Resources */ = {isa = PBXBuildFile; fileRef = 076A74FE1C2F2C62000F36C8 /* Assets.xcassets */; };
		076A75021C2F2C62000F36C8 /* LaunchScreen.storyboard in Resources */ = {isa = PBXBuildFile; fileRef = 076A75001C2F2C62000F36C8 /* LaunchScreen.storyboard */; };
		076A750A1C2F2C75000F36C8 /* ViewController.xib in Resources */ = {isa = PBXBuildFile; fileRef = 076A75091C2F2C75000F36C8 /* ViewController.xib */; };
		076A750D1C2F2CDA000F36C8 /* UIViewControllerStack.m in Sources */ = {isa = PBXBuildFile; fileRef = 076A750C1C2F2CDA000F36C8 /* UIViewControllerStack.m */; };
		076A75121C2F2D31000F36C8 /* ShortView.m in Sources */ = {isa = PBXBuildFile; fileRef = 076A75101C2F2D31000F36C8 /* ShortView.m */; };
		076A75131C2F2D31000F36C8 /* ShortView.xib in Resources */ = {isa = PBXBuildFile; fileRef = 076A75111C2F2D31000F36C8 /* ShortView.xib */; };
		076A75171C2F2DB9000F36C8 /* TallView.m in Sources */ = {isa = PBXBuildFile; fileRef = 076A75151C2F2DB9000F36C8 /* TallView.m */; };
		076A75181C2F2DB9000F36C8 /* TallView.xib in Resources */ = {isa = PBXBuildFile; fileRef = 076A75161C2F2DB9000F36C8 /* TallView.xib */; };
/* End PBXBuildFile section */

/* Begin PBXFileReference section */
		076A74EF1C2F2C62000F36C8 /* ScrollingSample.app */ = {isa = PBXFileReference; explicitFileType = wrapper.application; includeInIndex = 0; path = ScrollingSample.app; sourceTree = BUILT_PRODUCTS_DIR; };
		076A74F31C2F2C62000F36C8 /* main.m */ = {isa = PBXFileReference; lastKnownFileType = sourcecode.c.objc; path = main.m; sourceTree = "<group>"; };
		076A74F51C2F2C62000F36C8 /* AppDelegate.h */ = {isa = PBXFileReference; lastKnownFileType = sourcecode.c.h; path = AppDelegate.h; sourceTree = "<group>"; };
		076A74F61C2F2C62000F36C8 /* AppDelegate.m */ = {isa = PBXFileReference; lastKnownFileType = sourcecode.c.objc; path = AppDelegate.m; sourceTree = "<group>"; };
		076A74F81C2F2C62000F36C8 /* ViewController.h */ = {isa = PBXFileReference; lastKnownFileType = sourcecode.c.h; path = ViewController.h; sourceTree = "<group>"; };
		076A74F91C2F2C62000F36C8 /* ViewController.m */ = {isa = PBXFileReference; lastKnownFileType = sourcecode.c.objc; path = ViewController.m; sourceTree = "<group>"; };
		076A74FE1C2F2C62000F36C8 /* Assets.xcassets */ = {isa = PBXFileReference; lastKnownFileType = folder.assetcatalog; path = Assets.xcassets; sourceTree = "<group>"; };
		076A75011C2F2C62000F36C8 /* Base */ = {isa = PBXFileReference; lastKnownFileType = file.storyboard; name = Base; path = Base.lproj/LaunchScreen.storyboard; sourceTree = "<group>"; };
		076A75031C2F2C62000F36C8 /* Info.plist */ = {isa = PBXFileReference; lastKnownFileType = text.plist.xml; path = Info.plist; sourceTree = "<group>"; };
		076A75091C2F2C75000F36C8 /* ViewController.xib */ = {isa = PBXFileReference; fileEncoding = 4; lastKnownFileType = file.xib; path = ViewController.xib; sourceTree = "<group>"; };
		076A750B1C2F2CDA000F36C8 /* UIViewControllerStack.h */ = {isa = PBXFileReference; fileEncoding = 4; lastKnownFileType = sourcecode.c.h; name = UIViewControllerStack.h; path = ../../UIViewControllerStack.h; sourceTree = "<group>"; };
		076A750C1C2F2CDA000F36C8 /* UIViewControllerStack.m */ = {isa = PBXFileReference; fileEncoding = 4; lastKnownFileType = sourcecode.c.objc; name = UIViewControllerStack.m; path = ../../UIViewControllerStack.m; sourceTree = "<group>"; };
		076A750F1C2F2D31000F36C8 /* ShortView.h */ = {isa = PBXFileReference; fileEncoding = 4; lastKnownFileType = sourcecode.c.h; path = ShortView.h; sourceTree = "<group>"; };
		076A75101C2F2D31000F36C8 /* ShortView.m */ = {isa = PBXFileReference; fileEncoding = 4; lastKnownFileType = sourcecode.c.objc; path = ShortView.m; sourceTree = "<group>"; };
		076A75111C2F2D31000F36C8 /* ShortView.xib */ = {isa = PBXFileReference; fileEncoding = 4; lastKnownFileType = file.xib; path = ShortView.xib; sourceTree = "<group>"; };
		076A75141C2F2DB9000F36C8 /* TallView.h */ = {isa = PBXFileReference; fileEncoding = 4; lastKnownFileType = sourcecode.c.h; path = TallView.h; sourceTree = "<group>"; };
		076A75151C2F2DB9000F36C8 /* TallView.m */ = {isa = PBXFileReference; fileEncoding = 4; lastKnownFileType = sourcecode.c.objc; path = TallView.m; sourceTree = "<group>"; };
		076A75161C2F2DB9000F36C8 /* TallView.xib */ = {isa = PBXFileReference; fileEncoding = 4; lastKnownFileType = file.xib; path = TallView.xib; sourceTree = "<group>"; };
/* End PBXFileReference section */

/* Begin PBXFrameworksBuildPhase section */
		076A74EC1C2F2C62000F36C8 /* Frameworks */ = {
			isa = PBXFrameworksBuildPhase;
			buildActionMask = 2147483647;
			files = (
			);
			runOnlyForDeploymentPostprocessing = 0;
		};
/* End PBXFrameworksBuildPhase section */

/* Begin PBXGroup section */
		076A74E61C2F2C62000F36C8 = {
			isa = PBXGroup;
			children = (
				076A74F11C2F2C62000F36C8 /* ScrollingSample */,
				076A750E1C2F2CDD000F36C8 /* UIViewControllerStack */,
				076A74F21C2F2C62000F36C8 /* Supporting Files */,
				076A74F01C2F2C62000F36C8 /* Products */,
			);
			sourceTree = "<group>";
		};
		076A74F01C2F2C62000F36C8 /* Products */ = {
			isa = PBXGroup;
			children = (
				076A74EF1C2F2C62000F36C8 /* ScrollingSample.app */,
			);
			name = Products;
			sourceTree = "<group>";
		};
		076A74F11C2F2C62000F36C8 /* ScrollingSample */ = {
			isa = PBXGroup;
			children = (
				076A74F51C2F2C62000F36C8 /* AppDelegate.h */,
				076A74F61C2F2C62000F36C8 /* AppDelegate.m */,
				076A750F1C2F2D31000F36C8 /* ShortView.h */,
				076A75101C2F2D31000F36C8 /* ShortView.m */,
				076A75111C2F2D31000F36C8 /* ShortView.xib */,
				076A75141C2F2DB9000F36C8 /* TallView.h */,
				076A75151C2F2DB9000F36C8 /* TallView.m */,
				076A75161C2F2DB9000F36C8 /* TallView.xib */,
				076A74F81C2F2C62000F36C8 /* ViewController.h */,
				076A74F91C2F2C62000F36C8 /* ViewController.m */,
				076A75091C2F2C75000F36C8 /* ViewController.xib */,
			);
			path = ScrollingSample;
			sourceTree = "<group>";
		};
		076A74F21C2F2C62000F36C8 /* Supporting Files */ = {
			isa = PBXGroup;
			children = (
				076A75001C2F2C62000F36C8 /* LaunchScreen.storyboard */,
				076A74FE1C2F2C62000F36C8 /* Assets.xcassets */,
				076A75031C2F2C62000F36C8 /* Info.plist */,
				076A74F31C2F2C62000F36C8 /* main.m */,
			);
			name = "Supporting Files";
			path = ScrollingSample;
			sourceTree = "<group>";
		};
		076A750E1C2F2CDD000F36C8 /* UIViewControllerStack */ = {
			isa = PBXGroup;
			children = (
				076A750B1C2F2CDA000F36C8 /* UIViewControllerStack.h */,
				076A750C1C2F2CDA000F36C8 /* UIViewControllerStack.m */,
			);
			name = UIViewControllerStack;
			path = ScrollingSample;
			sourceTree = "<group>";
		};
/* End PBXGroup section */

/* Begin PBXNativeTarget section */
		076A74EE1C2F2C62000F36C8 /* ScrollingSample */ = {
			isa = PBXNativeTarget;
			buildConfigurationList = 076A75061C2F2C62000F36C8 /* Build configuration list for PBXNativeTarget "ScrollingSample" */;
			buildPhases = (
				076A74EB1C2F2C62000F36C8 /* Sources */,
				076A74EC1C2F2C62000F36C8 /* Frameworks */,
				076A74ED1C2F2C62000F36C8 /* Resources */,
			);
			buildRules = (
			);
			dependencies = (
			);
			name = ScrollingSample;
			productName = ScrollingSample;
			productReference = 076A74EF1C2F2C62000F36C8 /* ScrollingSample.app */;
			productType = "com.apple.product-type.application";
		};
/* End PBXNativeTarget section */

/* Begin PBXProject section */
		076A74E71C2F2C62000F36C8 /* Project object */ = {
			isa = PBXProject;
			attributes = {
				LastUpgradeCheck = 0710;
				ORGANIZATIONNAME = gngrwzrd;
				TargetAttributes = {
					076A74EE1C2F2C62000F36C8 = {
						CreatedOnToolsVersion = 7.1.1;
					};
				};
			};
			buildConfigurationList = 076A74EA1C2F2C62000F36C8 /* Build configuration list for PBXProject "ScrollingSample" */;
			compatibilityVersion = "Xcode 3.2";
			developmentRegion = English;
			hasScannedForEncodings = 0;
			knownRegions = (
				en,
				Base,
			);
			mainGroup = 076A74E61C2F2C62000F36C8;
			productRefGroup = 076A74F01C2F2C62000F36C8 /* Products */;
			projectDirPath = "";
			projectRoot = "";
			targets = (
				076A74EE1C2F2C62000F36C8 /* ScrollingSample */,
			);
		};
/* End PBXProject section */

/* Begin PBXResourcesBuildPhase section */
		076A74ED1C2F2C62000F36C8 /* Resources */ = {
			isa = PBXResourcesBuildPhase;
			buildActionMask = 2147483647;
			files = (
				076A75131C2F2D31000F36C8 /* ShortView.xib in Resources */,
				076A75181C2F2DB9000F36C8 /* TallView.xib in Resources */,
				076A75021C2F2C62000F36C8 /* LaunchScreen.storyboard in Resources */,
				076A750A1C2F2C75000F36C8 /* ViewController.xib in Resources */,
				076A74FF1C2F2C62000F36C8 /* Assets.xcassets in Resources */,
			);
			runOnlyForDeploymentPostprocessing = 0;
		};
/* End PBXResourcesBuildPhase section */

/* Begin PBXSourcesBuildPhase section */
		076A74EB1C2F2C62000F36C8 /* Sources */ = {
			isa = PBXSourcesBuildPhase;
			buildActionMask = 2147483647;
			files = (
				076A74FA1C2F2C62000F36C8 /* ViewController.m in Sources */,
				076A75171C2F2DB9000F36C8 /* TallView.m in Sources */,
				076A75121C2F2D31000F36C8 /* ShortView.m in Sources */,
				076A750D1C2F2CDA000F36C8 /* UIViewControllerStack.m in Sources */,
				076A74F71C2F2C62000F36C8 /* AppDelegate.m in Sources */,
				076A74F41C2F2C62000F36C8 /* main.m in Sources */,
			);
			runOnlyForDeploymentPostprocessing = 0;
		};
/* End PBXSourcesBuildPhase section */

/* Begin PBXVariantGroup section */
		076A75001C2F2C62000F36C8 /* LaunchScreen.storyboard */ = {
			isa = PBXVariantGroup;
			children = (
				076A75011C2F2C62000F36C8 /* Base */,
			);
			name = LaunchScreen.storyboard;
			sourceTree = "<group>";
		};
/* End PBXVariantGroup section */

/* Begin XCBuildConfiguration section */
		076A75041C2F2C62000F36C8 /* Debug */ = {
			isa = XCBuildConfiguration;
			buildSettings = {
				ALWAYS_SEARCH_USER_PATHS = NO;
				CLANG_CXX_LANGUAGE_STANDARD = "gnu++0x";
				CLANG_CXX_LIBRARY = "libc++";
				CLANG_ENABLE_MODULES = YES;
				CLANG_ENABLE_OBJC_ARC = YES;
				CLANG_WARN_BOOL_CONVERSION = YES;
				CLANG_WARN_CONSTANT_CONVERSION = YES;
				CLANG_WARN_DIRECT_OBJC_ISA_USAGE = YES_ERROR;
				CLANG_WARN_EMPTY_BODY = YES;
				CLANG_WARN_ENUM_CONVERSION = YES;
				CLANG_WARN_INT_CONVERSION = YES;
				CLANG_WARN_OBJC_ROOT_CLASS = YES_ERROR;
				CLANG_WARN_UNREACHABLE_CODE = YES;
				CLANG_WARN__DUPLICATE_METHOD_MATCH = YES;
				"CODE_SIGN_IDENTITY[sdk=iphoneos*]" = "iPhone Developer";
				COPY_PHASE_STRIP = NO;
				DEBUG_INFORMATION_FORMAT = dwarf;
				ENABLE_STRICT_OBJC_MSGSEND = YES;
				ENABLE_TESTABILITY = YES;
				GCC_C_LANGUAGE_STANDARD = gnu99;
				GCC_DYNAMIC_NO_PIC = NO;
				GCC_NO_COMMON_BLOCKS = YES;
				GCC_OPTIMIZATION_LEVEL = 0;
				GCC_PREPROCESSOR_DEFINITIONS = (
					"DEBUG=1",
					"$(inherited)",
				);
				GCC_WARN_64_TO_32_BIT_CONVERSION = YES;
				GCC_WARN_ABOUT_RETURN_TYPE = YES_ERROR;
				GCC_WARN_UNDECLARED_SELECTOR = YES;
				GCC_WARN_UNINITIALIZED_AUTOS = YES_AGGRESSIVE;
				GCC_WARN_UNUSED_FUNCTION = YES;
				GCC_WARN_UNUSED_VARIABLE = YES;
				IPHONEOS_DEPLOYMENT_TARGET = 9.1;
				MTL_ENABLE_DEBUG_INFO = YES;
				ONLY_ACTIVE_ARCH = YES;
				SDKROOT = iphoneos;
				TARGETED_DEVICE_FAMILY = "1,2";
			};
			name = Debug;
		};
		076A75051C2F2C62000F36C8 /* Release */ = {
			isa = XCBuildConfiguration;
			buildSettings = {
				ALWAYS_SEARCH_USER_PATHS = NO;
				CLANG_CXX_LANGUAGE_STANDARD = "gnu++0x";
				CLANG_CXX_LIBRARY = "libc++";
				CLANG_ENABLE_MODULES = YES;
				CLANG_ENABLE_OBJC_ARC = YES;
				CLANG_WARN_BOOL_CONVERSION = YES;
				CLANG_WARN_CONSTANT_CONVERSION = YES;
				CLANG_WARN_DIRECT_OBJC_ISA_USAGE = YES_ERROR;
				CLANG_WARN_EMPTY_BODY = YES;
				CLANG_WARN_ENUM_CONVERSION = YES;
				CLANG_WARN_INT_CONVERSION = YES;
				CLANG_WARN_OBJC_ROOT_CLASS = YES_ERROR;
				CLANG_WARN_UNREACHABLE_CODE = YES;
				CLANG_WARN__DUPLICATE_METHOD_MATCH = YES;
				"CODE_SIGN_IDENTITY[sdk=iphoneos*]" = "iPhone Developer";
				COPY_PHASE_STRIP = NO;
				DEBUG_INFORMATION_FORMAT = "dwarf-with-dsym";
				ENABLE_NS_ASSERTIONS = NO;
				ENABLE_STRICT_OBJC_MSGSEND = YES;
				GCC_C_LANGUAGE_STANDARD = gnu99;
				GCC_NO_COMMON_BLOCKS = YES;
				GCC_WARN_64_TO_32_BIT_CONVERSION = YES;
				GCC_WARN_ABOUT_RETURN_TYPE = YES_ERROR;
				GCC_WARN_UNDECLARED_SELECTOR = YES;
				GCC_WARN_UNINITIALIZED_AUTOS = YES_AGGRESSIVE;
				GCC_WARN_UNUSED_FUNCTION = YES;
				GCC_WARN_UNUSED_VARIABLE = YES;
				IPHONEOS_DEPLOYMENT_TARGET = 9.1;
				MTL_ENABLE_DEBUG_INFO = NO;
				SDKROOT = iphoneos;
				TARGETED_DEVICE_FAMILY = "1,2";
				VALIDATE_PRODUCT = YES;
			};
			name = Release;
		};
		076A75071C2F2C62000F36C8 /* Debug */ = {
			isa = XCBuildConfiguration;
			buildSettings = {
				ASSETCATALOG_COMPILER_APPICON_NAME = AppIcon;
				INFOPLIST_FILE = ScrollingSample/Info.plist;
				LD_RUNPATH_SEARCH_PATHS = "$(inherited) @executable_path/Frameworks";
				PRODUCT_BUNDLE_IDENTIFIER = com.gngrwzrd.ScrollingSample;
				PRODUCT_NAME = "$(TARGET_NAME)";
			};
			name = Debug;
		};
		076A75081C2F2C62000F36C8 /* Release */ = {
			isa = XCBuildConfiguration;
			buildSettings = {
				ASSETCATALOG_COMPILER_APPICON_NAME = AppIcon;
				INFOPLIST_FILE = ScrollingSample/Info.plist;
				LD_RUNPATH_SEARCH_PATHS = "$(inherited) @executable_path/Frameworks";
				PRODUCT_BUNDLE_IDENTIFIER = com.gngrwzrd.ScrollingSample;
				PRODUCT_NAME = "$(TARGET_NAME)";
			};
			name = Release;
		};
/* End XCBuildConfiguration section */

/* Begin XCConfigurationList section */
		076A74EA1C2F2C62000F36C8 /* Build configuration list for PBXProject "ScrollingSample" */ = {
			isa = XCConfigurationList;
			buildConfigurations = (
				076A75041C2F2C62000F36C8 /* Debug */,
				076A75051C2F2C62000F36C8 /* Release */,
			);
			defaultConfigurationIsVisible = 0;
			defaultConfigurationName = Release;
		};
		076A75061C2F2C62000F36C8 /* Build configuration list for PBXNativeTarget "ScrollingSample" */ = {
			isa = XCConfigurationList;
			buildConfigurations = (
				076A75071C2F2C62000F36C8 /* Debug */,
				076A75081C2F2C62000F36C8 /* Release */,
			);
			defaultConfigurationIsVisible = 0;
		};
/* End XCConfigurationList section */
	};
	rootObject = 076A74E71C2F2C62000F36C8 /* Project object */;
}
